{
  "name": "SignTools",
  "lockfileVersion": 2,
  "requires": true,
  "packages": {
    "": {
      "devDependencies": {
        "git-format-staged": "^3.0.0",
        "husky": "^7.0.4",
        "prettier": "^2.6.2"
      }
    },
    "node_modules/git-format-staged": {
      "version": "3.0.0",
      "resolved": "https://registry.npmjs.org/git-format-staged/-/git-format-staged-3.0.0.tgz",
      "integrity": "sha512-cdDJxV06qY8ucBsW/uIFR4PYN/kDHl43nG8yg+VPPaDeLAf8hEPhEIJTeJ+yRClxcDSpoTmDPiFZUoxFx1wPCg==",
      "dev": true,
      "bin": {
        "git-format-staged": "git-format-staged"
      }
    },
    "node_modules/husky": {
      "version": "7.0.4",
      "resolved": "https://registry.npmjs.org/husky/-/husky-7.0.4.tgz",
      "integrity": "sha512-vbaCKN2QLtP/vD4yvs6iz6hBEo6wkSzs8HpRah1Z6aGmF2KW5PdYuAd7uX5a+OyBZHBhd+TFLqgjUgytQr4RvQ==",
      "dev": true,
      "bin": {
        "husky": "lib/bin.js"
      },
      "engines": {
        "node": ">=12"
      },
      "funding": {
        "url": "https://github.com/sponsors/typicode"
      }
    },
    "node_modules/prettier": {
      "version": "2.6.2",
      "resolved": "https://registry.npmjs.org/prettier/-/prettier-2.6.2.tgz",
      "integrity": "sha512-PkUpF+qoXTqhOeWL9fu7As8LXsIUZ1WYaJiY/a7McAQzxjk82OF0tibkFXVCDImZtWxbvojFjerkiLb0/q8mew==",
      "dev": true,
      "bin": {
        "prettier": "bin-prettier.js"
      },
      "engines": {
        "node": ">=10.13.0"
      },
      "funding": {
        "url": "https://github.com/prettier/prettier?sponsor=1"
      }
    }
  },
  "dependencies": {
    "git-format-staged": {
      "version": "3.0.0",
      "resolved": "https://registry.npmjs.org/git-format-staged/-/git-format-staged-3.0.0.tgz",
      "integrity": "sha512-cdDJxV06qY8ucBsW/uIFR4PYN/kDHl43nG8yg+VPPaDeLAf8hEPhEIJTeJ+yRClxcDSpoTmDPiFZUoxFx1wPCg==",
      "dev": true
    },
    "husky": {
      "version": "7.0.4",
      "resolved": "https://registry.npmjs.org/husky/-/husky-7.0.4.tgz",
      "integrity": "sha512-vbaCKN2QLtP/vD4yvs6iz6hBEo6wkSzs8HpRah1Z6aGmF2KW5PdYuAd7uX5a+OyBZHBhd+TFLqgjUgytQr4RvQ==",
      "dev": true
    },
    "prettier": {
      "version": "2.6.2",
      "resolved": "https://registry.npmjs.org/prettier/-/prettier-2.6.2.tgz",
      "integrity": "sha512-PkUpF+qoXTqhOeWL9fu7As8LXsIUZ1WYaJiY/a7McAQzxjk82OF0tibkFXVCDImZtWxbvojFjerkiLb0/q8mew==",
      "dev": true
    }
  }
}
