{
  "name": "SignTools",
  "lockfileVersion": 2,
  "requires": true,
  "packages": {
    "": {
      "devDependencies": {
        "git-format-staged": "^3.1.1",
        "husky": "^9.1.7",
        "prettier": "^3.4.2"
      }
    },
    "node_modules/git-format-staged": {
      "version": "3.1.1",
      "resolved": "https://registry.npmjs.org/git-format-staged/-/git-format-staged-3.1.1.tgz",
      "integrity": "sha512-P749fkktaiAchFZKR7bgdvruzhvbcIDr1uRBrS9/Wdimb7wH1Twchz9gOixj8tUaHVMuXY/ckDojfOwV6AxgPA==",
      "dev": true,
      "license": "MIT",
      "bin": {
        "git-format-staged": "git-format-staged"
      }
    },
    "node_modules/husky": {
      "version": "9.1.7",
      "resolved": "https://registry.npmjs.org/husky/-/husky-9.1.7.tgz",
      "integrity": "sha512-5gs5ytaNjBrh5Ow3zrvdUUY+0VxIuWVL4i9irt6friV+BqdCfmV11CQTWMiBYWHbXhco+J1kHfTOUkePhCDvMA==",
      "dev": true,
      "license": "MIT",
      "bin": {
        "husky": "bin.js"
      },
      "engines": {
        "node": ">=18"
      },
      "funding": {
        "url": "https://github.com/sponsors/typicode"
      }
    },
    "node_modules/prettier": {
      "version": "3.4.2",
      "resolved": "https://registry.npmjs.org/prettier/-/prettier-3.4.2.tgz",
      "integrity": "sha512-e9MewbtFo+Fevyuxn/4rrcDAaq0IYxPGLvObpQjiZBMAzB9IGmzlnG9RZy3FFas+eBMu2vA0CszMeduow5dIuQ==",
      "dev": true,
      "license": "MIT",
      "bin": {
        "prettier": "bin/prettier.cjs"
      },
      "engines": {
        "node": ">=14"
      },
      "funding": {
        "url": "https://github.com/prettier/prettier?sponsor=1"
      }
    }
  },
  "dependencies": {
    "git-format-staged": {
      "version": "3.1.1",
      "resolved": "https://registry.npmjs.org/git-format-staged/-/git-format-staged-3.1.1.tgz",
      "integrity": "sha512-P749fkktaiAchFZKR7bgdvruzhvbcIDr1uRBrS9/Wdimb7wH1Twchz9gOixj8tUaHVMuXY/ckDojfOwV6AxgPA==",
      "dev": true
    },
    "husky": {
      "version": "9.1.7",
      "resolved": "https://registry.npmjs.org/husky/-/husky-9.1.7.tgz",
      "integrity": "sha512-5gs5ytaNjBrh5Ow3zrvdUUY+0VxIuWVL4i9irt6friV+BqdCfmV11CQTWMiBYWHbXhco+J1kHfTOUkePhCDvMA==",
      "dev": true
    },
    "prettier": {
      "version": "3.4.2",
      "resolved": "https://registry.npmjs.org/prettier/-/prettier-3.4.2.tgz",
      "integrity": "sha512-e9MewbtFo+Fevyuxn/4rrcDAaq0IYxPGLvObpQjiZBMAzB9IGmzlnG9RZy3FFas+eBMu2vA0CszMeduow5dIuQ==",
      "dev": true
    }
  }
}
