{
  "name": "ios-signer-service",
  "lockfileVersion": 2,
  "requires": true,
  "packages": {
    "": {
      "devDependencies": {
        "git-format-staged": "^2.1.2",
        "husky": "^7.0.1",
        "prettier": "^2.3.2"
      }
    },
    "node_modules/git-format-staged": {
      "version": "2.1.2",
      "resolved": "https://registry.npmjs.org/git-format-staged/-/git-format-staged-2.1.2.tgz",
      "integrity": "sha512-ieP6iEyMJQ9xPKJGFSmK4HELcDdYwUO84dG4NBKdjaSTOdsZgrW9paLaEau2D4daPQjLwSsgwdqtYjqoVxz3Lw==",
      "dev": true,
      "bin": {
        "git-format-staged": "git-format-staged"
      }
    },
    "node_modules/husky": {
      "version": "7.0.1",
      "resolved": "https://registry.npmjs.org/husky/-/husky-7.0.1.tgz",
      "integrity": "sha512-gceRaITVZ+cJH9sNHqx5tFwbzlLCVxtVZcusME8JYQ8Edy5mpGDOqD8QBCdMhpyo9a+JXddnujQ4rpY2Ff9SJA==",
      "dev": true,
      "bin": {
        "husky": "lib/bin.js"
      },
      "engines": {
        "node": ">=12"
      },
      "funding": {
        "url": "https://github.com/sponsors/typicode"
      }
    },
    "node_modules/prettier": {
      "version": "2.3.2",
      "resolved": "https://registry.npmjs.org/prettier/-/prettier-2.3.2.tgz",
      "integrity": "sha512-lnJzDfJ66zkMy58OL5/NY5zp70S7Nz6KqcKkXYzn2tMVrNxvbqaBpg7H3qHaLxCJ5lNMsGuM8+ohS7cZrthdLQ==",
      "dev": true,
      "bin": {
        "prettier": "bin-prettier.js"
      },
      "engines": {
        "node": ">=10.13.0"
      }
    }
  },
  "dependencies": {
    "git-format-staged": {
      "version": "2.1.2",
      "resolved": "https://registry.npmjs.org/git-format-staged/-/git-format-staged-2.1.2.tgz",
      "integrity": "sha512-ieP6iEyMJQ9xPKJGFSmK4HELcDdYwUO84dG4NBKdjaSTOdsZgrW9paLaEau2D4daPQjLwSsgwdqtYjqoVxz3Lw==",
      "dev": true
    },
    "husky": {
      "version": "7.0.1",
      "resolved": "https://registry.npmjs.org/husky/-/husky-7.0.1.tgz",
      "integrity": "sha512-gceRaITVZ+cJH9sNHqx5tFwbzlLCVxtVZcusME8JYQ8Edy5mpGDOqD8QBCdMhpyo9a+JXddnujQ4rpY2Ff9SJA==",
      "dev": true
    },
    "prettier": {
      "version": "2.3.2",
      "resolved": "https://registry.npmjs.org/prettier/-/prettier-2.3.2.tgz",
      "integrity": "sha512-lnJzDfJ66zkMy58OL5/NY5zp70S7Nz6KqcKkXYzn2tMVrNxvbqaBpg7H3qHaLxCJ5lNMsGuM8+ohS7cZrthdLQ==",
      "dev": true
    }
  }
}
